// !$*UTF8*$!
{
	archiveVersion = 1;
	classes = {
	};
	objectVersion = 51;
	objects = {

/* Begin PBXBuildFile section */
		A2CA2C3C26DD05490024537D /* AppDelegate.swift in Sources */ = {isa = PBXBuildFile; fileRef = A2CA2C3B26DD05490024537D /* AppDelegate.swift */; };
		A2CA2C3E26DD05490024537D /* SceneDelegate.swift in Sources */ = {isa = PBXBuildFile; fileRef = A2CA2C3D26DD05490024537D /* SceneDelegate.swift */; };
		A2CA2C4026DD05490024537D /* ViewController.swift in Sources */ = {isa = PBXBuildFile; fileRef = A2CA2C3F26DD05490024537D /* ViewController.swift */; };
		A2CA2C4326DD05490024537D /* Main.storyboard in Resources */ = {isa = PBXBuildFile; fileRef = A2CA2C4126DD05490024537D /* Main.storyboard */; };
		A2CA2C4526DD05500024537D /* Assets.xcassets in Resources */ = {isa = PBXBuildFile; fileRef = A2CA2C4426DD05500024537D /* Assets.xcassets */; };
		A2CA2C4826DD05500024537D /* LaunchScreen.storyboard in Resources */ = {isa = PBXBuildFile; fileRef = A2CA2C4626DD05500024537D /* LaunchScreen.storyboard */; };
		D528C6998343226FACF71733 /* Pods_ValifyDemoFromPod.framework in Frameworks */ = {isa = PBXBuildFile; fileRef = 54F3C5EDAC2580E040090D40 /* Pods_ValifyDemoFromPod.framework */; };
/* End PBXBuildFile section */

/* Begin PBXFileReference section */
		1AAB7B485A12558470CA3F6D /* Pods-ValifyDemoFromPod.debug.xcconfig */ = {isa = PBXFileReference; includeInIndex = 1; lastKnownFileType = text.xcconfig; name = "Pods-ValifyDemoFromPod.debug.xcconfig"; path = "Target Support Files/Pods-ValifyDemoFromPod/Pods-ValifyDemoFromPod.debug.xcconfig"; sourceTree = "<group>"; };
		54810F1902EB9729B82CE65D /* Pods-ValifyDemoFromPod.release.xcconfig */ = {isa = PBXFileReference; includeInIndex = 1; lastKnownFileType = text.xcconfig; name = "Pods-ValifyDemoFromPod.release.xcconfig"; path = "Target Support Files/Pods-ValifyDemoFromPod/Pods-ValifyDemoFromPod.release.xcconfig"; sourceTree = "<group>"; };
		54F3C5EDAC2580E040090D40 /* Pods_ValifyDemoFromPod.framework */ = {isa = PBXFileReference; explicitFileType = wrapper.framework; includeInIndex = 0; path = Pods_ValifyDemoFromPod.framework; sourceTree = BUILT_PRODUCTS_DIR; };
		A2CA2C3826DD05490024537D /* ValifyDemoFromPod.app */ = {isa = PBXFileReference; explicitFileType = wrapper.application; includeInIndex = 0; path = ValifyDemoFromPod.app; sourceTree = BUILT_PRODUCTS_DIR; };
		A2CA2C3B26DD05490024537D /* AppDelegate.swift */ = {isa = PBXFileReference; lastKnownFileType = sourcecode.swift; path = AppDelegate.swift; sourceTree = "<group>"; };
		A2CA2C3D26DD05490024537D /* SceneDelegate.swift */ = {isa = PBXFileReference; lastKnownFileType = sourcecode.swift; path = SceneDelegate.swift; sourceTree = "<group>"; };
		A2CA2C3F26DD05490024537D /* ViewController.swift */ = {isa = PBXFileReference; lastKnownFileType = sourcecode.swift; path = ViewController.swift; sourceTree = "<group>"; };
		A2CA2C4226DD05490024537D /* Base */ = {isa = PBXFileReference; lastKnownFileType = file.storyboard; name = Base; path = Base.lproj/Main.storyboard; sourceTree = "<group>"; };
		A2CA2C4426DD05500024537D /* Assets.xcassets */ = {isa = PBXFileReference; lastKnownFileType = folder.assetcatalog; path = Assets.xcassets; sourceTree = "<group>"; };
		A2CA2C4726DD05500024537D /* Base */ = {isa = PBXFileReference; lastKnownFileType = file.storyboard; name = Base; path = Base.lproj/LaunchScreen.storyboard; sourceTree = "<group>"; };
		A2CA2C4926DD05500024537D /* Info.plist */ = {isa = PBXFileReference; lastKnownFileType = text.plist.xml; path = Info.plist; sourceTree = "<group>"; };
/* End PBXFileReference section */

/* Begin PBXFrameworksBuildPhase section */
		A2CA2C3526DD05490024537D /* Frameworks */ = {
			isa = PBXFrameworksBuildPhase;
			buildActionMask = 2147483647;
			files = (
				D528C6998343226FACF71733 /* Pods_ValifyDemoFromPod.framework in Frameworks */,
			);
			runOnlyForDeploymentPostprocessing = 0;
		};
/* End PBXFrameworksBuildPhase section */

/* Begin PBXGroup section */
		166C3C635BB3902019B9FFE0 /* Pods */ = {
			isa = PBXGroup;
			children = (
				1AAB7B485A12558470CA3F6D /* Pods-ValifyDemoFromPod.debug.xcconfig */,
				54810F1902EB9729B82CE65D /* Pods-ValifyDemoFromPod.release.xcconfig */,
			);
			path = Pods;
			sourceTree = "<group>";
		};
		A2CA2C2F26DD05490024537D = {
			isa = PBXGroup;
			children = (
				A2CA2C3A26DD05490024537D /* ValifyDemoFromPod */,
				A2CA2C3926DD05490024537D /* Products */,
				166C3C635BB3902019B9FFE0 /* Pods */,
				F1ECB831F34238ACD664437B /* Frameworks */,
			);
			sourceTree = "<group>";
		};
		A2CA2C3926DD05490024537D /* Products */ = {
			isa = PBXGroup;
			children = (
				A2CA2C3826DD05490024537D /* ValifyDemoFromPod.app */,
			);
			name = Products;
			sourceTree = "<group>";
		};
		A2CA2C3A26DD05490024537D /* ValifyDemoFromPod */ = {
			isa = PBXGroup;
			children = (
				A2CA2C3B26DD05490024537D /* AppDelegate.swift */,
				A2CA2C3D26DD05490024537D /* SceneDelegate.swift */,
				A2CA2C3F26DD05490024537D /* ViewController.swift */,
				A2CA2C4126DD05490024537D /* Main.storyboard */,
				A2CA2C4426DD05500024537D /* Assets.xcassets */,
				A2CA2C4626DD05500024537D /* LaunchScreen.storyboard */,
				A2CA2C4926DD05500024537D /* Info.plist */,
			);
			path = ValifyDemoFromPod;
			sourceTree = "<group>";
		};
		F1ECB831F34238ACD664437B /* Frameworks */ = {
			isa = PBXGroup;
			children = (
				54F3C5EDAC2580E040090D40 /* Pods_ValifyDemoFromPod.framework */,
			);
			name = Frameworks;
			sourceTree = "<group>";
		};
/* End PBXGroup section */

/* Begin PBXNativeTarget section */
		A2CA2C3726DD05490024537D /* ValifyDemoFromPod */ = {
			isa = PBXNativeTarget;
			buildConfigurationList = A2CA2C4C26DD05500024537D /* Build configuration list for PBXNativeTarget "ValifyDemoFromPod" */;
			buildPhases = (
				705886B6772A577F527187EA /* [CP] Check Pods Manifest.lock */,
				A2CA2C3426DD05490024537D /* Sources */,
				A2CA2C3526DD05490024537D /* Frameworks */,
				A2CA2C3626DD05490024537D /* Resources */,
				12B2F56AE3E608B4B689F346 /* [CP] Embed Pods Frameworks */,
			);
			buildRules = (
			);
			dependencies = (
			);
			name = ValifyDemoFromPod;
			productName = ValifyDemoFromPod;
			productReference = A2CA2C3826DD05490024537D /* ValifyDemoFromPod.app */;
			productType = "com.apple.product-type.application";
		};
/* End PBXNativeTarget section */

/* Begin PBXProject section */
		A2CA2C3026DD05490024537D /* Project object */ = {
			isa = PBXProject;
			attributes = {
				LastSwiftUpdateCheck = 1240;
				LastUpgradeCheck = 1240;
				TargetAttributes = {
					A2CA2C3726DD05490024537D = {
						CreatedOnToolsVersion = 12.4;
					};
				};
			};
			buildConfigurationList = A2CA2C3326DD05490024537D /* Build configuration list for PBXProject "ValifyDemoFromPod" */;
			compatibilityVersion = "Xcode 9.3";
			developmentRegion = en;
			hasScannedForEncodings = 0;
			knownRegions = (
				en,
				Base,
			);
			mainGroup = A2CA2C2F26DD05490024537D;
			productRefGroup = A2CA2C3926DD05490024537D /* Products */;
			projectDirPath = "";
			projectRoot = "";
			targets = (
				A2CA2C3726DD05490024537D /* ValifyDemoFromPod */,
			);
		};
/* End PBXProject section */

/* Begin PBXResourcesBuildPhase section */
		A2CA2C3626DD05490024537D /* Resources */ = {
			isa = PBXResourcesBuildPhase;
			buildActionMask = 2147483647;
			files = (
				A2CA2C4826DD05500024537D /* LaunchScreen.storyboard in Resources */,
				A2CA2C4526DD05500024537D /* Assets.xcassets in Resources */,
				A2CA2C4326DD05490024537D /* Main.storyboard in Resources */,
			);
			runOnlyForDeploymentPostprocessing = 0;
		};
/* End PBXResourcesBuildPhase section */

/* Begin PBXShellScriptBuildPhase section */
		12B2F56AE3E608B4B689F346 /* [CP] Embed Pods Frameworks */ = {
			isa = PBXShellScriptBuildPhase;
			buildActionMask = 2147483647;
			files = (
			);
			inputFileListPaths = (
				"${PODS_ROOT}/Target Support Files/Pods-ValifyDemoFromPod/Pods-ValifyDemoFromPod-frameworks-${CONFIGURATION}-input-files.xcfilelist",
			);
			name = "[CP] Embed Pods Frameworks";
			outputFileListPaths = (
				"${PODS_ROOT}/Target Support Files/Pods-ValifyDemoFromPod/Pods-ValifyDemoFromPod-frameworks-${CONFIGURATION}-output-files.xcfilelist",
			);
			runOnlyForDeploymentPostprocessing = 0;
			shellPath = /bin/sh;
			shellScript = "\"${PODS_ROOT}/Target Support Files/Pods-ValifyDemoFromPod/Pods-ValifyDemoFromPod-frameworks.sh\"\n";
			showEnvVarsInLog = 0;
		};
		705886B6772A577F527187EA /* [CP] Check Pods Manifest.lock */ = {
			isa = PBXShellScriptBuildPhase;
			buildActionMask = 2147483647;
			files = (
			);
			inputFileListPaths = (
			);
			inputPaths = (
				"${PODS_PODFILE_DIR_PATH}/Podfile.lock",
				"${PODS_ROOT}/Manifest.lock",
			);
			name = "[CP] Check Pods Manifest.lock";
			outputFileListPaths = (
			);
			outputPaths = (
				"$(DERIVED_FILE_DIR)/Pods-ValifyDemoFromPod-checkManifestLockResult.txt",
			);
			runOnlyForDeploymentPostprocessing = 0;
			shellPath = /bin/sh;
			shellScript = "diff \"${PODS_PODFILE_DIR_PATH}/Podfile.lock\" \"${PODS_ROOT}/Manifest.lock\" > /dev/null\nif [ $? != 0 ] ; then\n    # print error to STDERR\n    echo \"error: The sandbox is not in sync with the Podfile.lock. Run 'pod install' or update your CocoaPods installation.\" >&2\n    exit 1\nfi\n# This output is used by Xcode 'outputs' to avoid re-running this script phase.\necho \"SUCCESS\" > \"${SCRIPT_OUTPUT_FILE_0}\"\n";
			showEnvVarsInLog = 0;
		};
/* End PBXShellScriptBuildPhase section */

/* Begin PBXSourcesBuildPhase section */
		A2CA2C3426DD05490024537D /* Sources */ = {
			isa = PBXSourcesBuildPhase;
			buildActionMask = 2147483647;
			files = (
				A2CA2C4026DD05490024537D /* ViewController.swift in Sources */,
				A2CA2C3C26DD05490024537D /* AppDelegate.swift in Sources */,
				A2CA2C3E26DD05490024537D /* SceneDelegate.swift in Sources */,
			);
			runOnlyForDeploymentPostprocessing = 0;
		};
/* End PBXSourcesBuildPhase section */

/* Begin PBXVariantGroup section */
		A2CA2C4126DD05490024537D /* Main.storyboard */ = {
			isa = PBXVariantGroup;
			children = (
				A2CA2C4226DD05490024537D /* Base */,
			);
			name = Main.storyboard;
			sourceTree = "<group>";
		};
		A2CA2C4626DD05500024537D /* LaunchScreen.storyboard */ = {
			isa = PBXVariantGroup;
			children = (
				A2CA2C4726DD05500024537D /* Base */,
			);
			name = LaunchScreen.storyboard;
			sourceTree = "<group>";
		};
/* End PBXVariantGroup section */

/* Begin XCBuildConfiguration section */
		A2CA2C4A26DD05500024537D /* Debug */ = {
			isa = XCBuildConfiguration;
			buildSettings = {
				ALWAYS_SEARCH_USER_PATHS = NO;
				CLANG_ANALYZER_NONNULL = YES;
				CLANG_ANALYZER_NUMBER_OBJECT_CONVERSION = YES_AGGRESSIVE;
				CLANG_CXX_LANGUAGE_STANDARD = "gnu++14";
				CLANG_CXX_LIBRARY = "libc++";
				CLANG_ENABLE_MODULES = YES;
				CLANG_ENABLE_OBJC_ARC = YES;
				CLANG_ENABLE_OBJC_WEAK = YES;
				CLANG_WARN_BLOCK_CAPTURE_AUTORELEASING = YES;
				CLANG_WARN_BOOL_CONVERSION = YES;
				CLANG_WARN_COMMA = YES;
				CLANG_WARN_CONSTANT_CONVERSION = YES;
				CLANG_WARN_DEPRECATED_OBJC_IMPLEMENTATIONS = YES;
				CLANG_WARN_DIRECT_OBJC_ISA_USAGE = YES_ERROR;
				CLANG_WARN_DOCUMENTATION_COMMENTS = YES;
				CLANG_WARN_EMPTY_BODY = YES;
				CLANG_WARN_ENUM_CONVERSION = YES;
				CLANG_WARN_INFINITE_RECURSION = YES;
				CLANG_WARN_INT_CONVERSION = YES;
				CLANG_WARN_NON_LITERAL_NULL_CONVERSION = YES;
				CLANG_WARN_OBJC_IMPLICIT_RETAIN_SELF = YES;
				CLANG_WARN_OBJC_LITERAL_CONVERSION = YES;
				CLANG_WARN_OBJC_ROOT_CLASS = YES_ERROR;
				CLANG_WARN_QUOTED_INCLUDE_IN_FRAMEWORK_HEADER = YES;
				CLANG_WARN_RANGE_LOOP_ANALYSIS = YES;
				CLANG_WARN_STRICT_PROTOTYPES = YES;
				CLANG_WARN_SUSPICIOUS_MOVE = YES;
				CLANG_WARN_UNGUARDED_AVAILABILITY = YES_AGGRESSIVE;
				CLANG_WARN_UNREACHABLE_CODE = YES;
				CLANG_WARN__DUPLICATE_METHOD_MATCH = YES;
				COPY_PHASE_STRIP = NO;
				DEBUG_INFORMATION_FORMAT = dwarf;
				ENABLE_STRICT_OBJC_MSGSEND = YES;
				ENABLE_TESTABILITY = YES;
				GCC_C_LANGUAGE_STANDARD = gnu11;
				GCC_DYNAMIC_NO_PIC = NO;
				GCC_NO_COMMON_BLOCKS = YES;
				GCC_OPTIMIZATION_LEVEL = 0;
				GCC_PREPROCESSOR_DEFINITIONS = (
					"DEBUG=1",
					"$(inherited)",
				);
				GCC_WARN_64_TO_32_BIT_CONVERSION = YES;
				GCC_WARN_ABOUT_RETURN_TYPE = YES_ERROR;
				GCC_WARN_UNDECLARED_SELECTOR = YES;
				GCC_WARN_UNINITIALIZED_AUTOS = YES_AGGRESSIVE;
				GCC_WARN_UNUSED_FUNCTION = YES;
				GCC_WARN_UNUSED_VARIABLE = YES;
				IPHONEOS_DEPLOYMENT_TARGET = 14.4;
				MTL_ENABLE_DEBUG_INFO = INCLUDE_SOURCE;
				MTL_FAST_MATH = YES;
				ONLY_ACTIVE_ARCH = YES;
				SDKROOT = iphoneos;
				SWIFT_ACTIVE_COMPILATION_CONDITIONS = DEBUG;
				SWIFT_OPTIMIZATION_LEVEL = "-Onone";
			};
			name = Debug;
		};
		A2CA2C4B26DD05500024537D /* Release */ = {
			isa = XCBuildConfiguration;
			buildSettings = {
				ALWAYS_SEARCH_USER_PATHS = NO;
				CLANG_ANALYZER_NONNULL = YES;
				CLANG_ANALYZER_NUMBER_OBJECT_CONVERSION = YES_AGGRESSIVE;
				CLANG_CXX_LANGUAGE_STANDARD = "gnu++14";
				CLANG_CXX_LIBRARY = "libc++";
				CLANG_ENABLE_MODULES = YES;
				CLANG_ENABLE_OBJC_ARC = YES;
				CLANG_ENABLE_OBJC_WEAK = YES;
				CLANG_WARN_BLOCK_CAPTURE_AUTORELEASING = YES;
				CLANG_WARN_BOOL_CONVERSION = YES;
				CLANG_WARN_COMMA = YES;
				CLANG_WARN_CONSTANT_CONVERSION = YES;
				CLANG_WARN_DEPRECATED_OBJC_IMPLEMENTATIONS = YES;
				CLANG_WARN_DIRECT_OBJC_ISA_USAGE = YES_ERROR;
				CLANG_WARN_DOCUMENTATION_COMMENTS = YES;
				CLANG_WARN_EMPTY_BODY = YES;
				CLANG_WARN_ENUM_CONVERSION = YES;
				CLANG_WARN_INFINITE_RECURSION = YES;
				CLANG_WARN_INT_CONVERSION = YES;
				CLANG_WARN_NON_LITERAL_NULL_CONVERSION = YES;
				CLANG_WARN_OBJC_IMPLICIT_RETAIN_SELF = YES;
				CLANG_WARN_OBJC_LITERAL_CONVERSION = YES;
				CLANG_WARN_OBJC_ROOT_CLASS = YES_ERROR;
				CLANG_WARN_QUOTED_INCLUDE_IN_FRAMEWORK_HEADER = YES;
				CLANG_WARN_RANGE_LOOP_ANALYSIS = YES;
				CLANG_WARN_STRICT_PROTOTYPES = YES;
				CLANG_WARN_SUSPICIOUS_MOVE = YES;
				CLANG_WARN_UNGUARDED_AVAILABILITY = YES_AGGRESSIVE;
				CLANG_WARN_UNREACHABLE_CODE = YES;
				CLANG_WARN__DUPLICATE_METHOD_MATCH = YES;
				COPY_PHASE_STRIP = NO;
				DEBUG_INFORMATION_FORMAT = "dwarf-with-dsym";
				ENABLE_NS_ASSERTIONS = NO;
				ENABLE_STRICT_OBJC_MSGSEND = YES;
				GCC_C_LANGUAGE_STANDARD = gnu11;
				GCC_NO_COMMON_BLOCKS = YES;
				GCC_WARN_64_TO_32_BIT_CONVERSION = YES;
				GCC_WARN_ABOUT_RETURN_TYPE = YES_ERROR;
				GCC_WARN_UNDECLARED_SELECTOR = YES;
				GCC_WARN_UNINITIALIZED_AUTOS = YES_AGGRESSIVE;
				GCC_WARN_UNUSED_FUNCTION = YES;
				GCC_WARN_UNUSED_VARIABLE = YES;
				IPHONEOS_DEPLOYMENT_TARGET = 14.4;
				MTL_ENABLE_DEBUG_INFO = NO;
				MTL_FAST_MATH = YES;
				SDKROOT = iphoneos;
				SWIFT_COMPILATION_MODE = wholemodule;
				SWIFT_OPTIMIZATION_LEVEL = "-O";
				VALIDATE_PRODUCT = YES;
			};
			name = Release;
		};
		A2CA2C4D26DD05500024537D /* Debug */ = {
			isa = XCBuildConfiguration;
			baseConfigurationReference = 1AAB7B485A12558470CA3F6D /* Pods-ValifyDemoFromPod.debug.xcconfig */;
			buildSettings = {
				ASSETCATALOG_COMPILER_APPICON_NAME = AppIcon;
				ASSETCATALOG_COMPILER_GLOBAL_ACCENT_COLOR_NAME = AccentColor;
				CODE_SIGN_STYLE = Automatic;
				DEVELOPMENT_TEAM = BZNVZNNVVR;
				INFOPLIST_FILE = ValifyDemoFromPod/Info.plist;
				LD_RUNPATH_SEARCH_PATHS = (
					"$(inherited)",
					"@executable_path/Frameworks",
				);
				PRODUCT_BUNDLE_IDENTIFIER = com.vl.demo.ValifyDemoFromPod;
				PRODUCT_NAME = "$(TARGET_NAME)";
				SWIFT_VERSION = 5.0;
				TARGETED_DEVICE_FAMILY = "1,2";
			};
			name = Debug;
		};
		A2CA2C4E26DD05500024537D /* Release */ = {
			isa = XCBuildConfiguration;
			baseConfigurationReference = 54810F1902EB9729B82CE65D /* Pods-ValifyDemoFromPod.release.xcconfig */;
			buildSettings = {
				ASSETCATALOG_COMPILER_APPICON_NAME = AppIcon;
				ASSETCATALOG_COMPILER_GLOBAL_ACCENT_COLOR_NAME = AccentColor;
				CODE_SIGN_STYLE = Automatic;
				DEVELOPMENT_TEAM = BZNVZNNVVR;
				INFOPLIST_FILE = ValifyDemoFromPod/Info.plist;
				LD_RUNPATH_SEARCH_PATHS = (
					"$(inherited)",
					"@executable_path/Frameworks",
				);
				PRODUCT_BUNDLE_IDENTIFIER = com.vl.demo.ValifyDemoFromPod;
				PRODUCT_NAME = "$(TARGET_NAME)";
				SWIFT_VERSION = 5.0;
				TARGETED_DEVICE_FAMILY = "1,2";
			};
			name = Release;
		};
/* End XCBuildConfiguration section */

/* Begin XCConfigurationList section */
		A2CA2C3326DD05490024537D /* Build configuration list for PBXProject "ValifyDemoFromPod" */ = {
			isa = XCConfigurationList;
			buildConfigurations = (
				A2CA2C4A26DD05500024537D /* Debug */,
				A2CA2C4B26DD05500024537D /* Release */,
			);
			defaultConfigurationIsVisible = 0;
			defaultConfigurationName = Release;
		};
		A2CA2C4C26DD05500024537D /* Build configuration list for PBXNativeTarget "ValifyDemoFromPod" */ = {
			isa = XCConfigurationList;
			buildConfigurations = (
				A2CA2C4D26DD05500024537D /* Debug */,
				A2CA2C4E26DD05500024537D /* Release */,
			);
			defaultConfigurationIsVisible = 0;
			defaultConfigurationName = Release;
		};
/* End XCConfigurationList section */
	};
	rootObject = A2CA2C3026DD05490024537D /* Project object */;
}
